
Microsoft Visual Studio Solution File, Format Version 12.00
# Visual Studio Version 17
VisualStudioVersion = 17.4.33213.308
MinimumVisualStudioVersion = 10.0.40219.1
Project("{FAE04EC0-301F-11D3-BF4B-00C04F79EFBC}") = "ChatGptAPI", "ChatGptAPI\ChatGptAPI.csproj", "{812A18F4-3336-4808-A49E-AF878381F9E2}"
EndProject
Global
	GlobalSection(SolutionConfigurationPlatforms) = preSolution
		Debug|Any CPU = Debug|Any CPU
		Release|Any CPU = Release|Any CPU
	EndGlobalSection
	GlobalSection(ProjectConfigurationPlatforms) = postSolution
		{812A18F4-3336-4808-A49E-AF878381F9E2}.Debug|Any CPU.ActiveCfg = Debug|Any CPU
		{812A18F4-3336-4808-A49E-AF878381F9E2}.Debug|Any CPU.Build.0 = Debug|Any CPU
		{812A18F4-3336-4808-A49E-AF878381F9E2}.Release|Any CPU.ActiveCfg = Release|Any CPU
		{812A18F4-3336-4808-A49E-AF878381F9E2}.Release|Any CPU.Build.0 = Release|Any CPU
	EndGlobalSection
	GlobalSection(SolutionProperties) = preSolution
		HideSolutionNode = FALSE
	EndGlobalSection
	GlobalSection(ExtensibilityGlobals) = postSolution
		SolutionGuid = {B3867636-0017-47C7-B708-6733CE8EADD7}
	EndGlobalSection
EndGlobal
